PODS:
  - Nimble (7.0.3)
  - Quick (1.2.0)
  - tinyNetLib (0.1.0)

DEPENDENCIES:
  - Nimble (~> 7.0.2)
  - Quick (~> 1.2.0)
  - tinyNetLib (from `../`)

SPEC REPOS:
  https://github.com/CocoaPods/Specs.git:
    - Nimble
    - Quick

EXTERNAL SOURCES:
  tinyNetLib:
    :path: "../"

SPEC CHECKSUMS:
  Nimble: 7f5a9c447a33002645a071bddafbfb24ea70e0ac
  Quick: 58d203b1c5e27fff7229c4c1ae445ad7069a7a08
  tinyNetLib: 4e5a011aff86d9721b13b19e47e6b3cdaace4cc1

PODFILE CHECKSUM: af3897a3a4cf79459c7ff87d3080ed513052b761

COCOAPODS: 1.5.0
